
Microsoft Visual Studio Solution File, Format Version 12.00
# Visual Studio Version 17
VisualStudioVersion = 17.0.32126.317
MinimumVisualStudioVersion = 10.0.40219.1
Project("{FAE04EC0-301F-11D3-BF4B-00C04F79EFBC}") = "Todo.Api", "Todo.Api\Todo.Api.csproj", "{B4F276A1-82A5-485C-B898-4B7FEB1048FE}"
EndProject
Project("{FAE04EC0-301F-11D3-BF4B-00C04F79EFBC}") = "Todo.Grpc", "Todo.Grpc\Todo.Grpc.csproj", "{0486A5DD-C183-42A3-8E44-B4A5F757EA93}"
EndProject
Global
	GlobalSection(SolutionConfigurationPlatforms) = preSolution
		Debug|Any CPU = Debug|Any CPU
		Release|Any CPU = Release|Any CPU
	EndGlobalSection
	GlobalSection(ProjectConfigurationPlatforms) = postSolution
		{B4F276A1-82A5-485C-B898-4B7FEB1048FE}.Debug|Any CPU.ActiveCfg = Debug|Any CPU
		{B4F276A1-82A5-485C-B898-4B7FEB1048FE}.Debug|Any CPU.Build.0 = Debug|Any CPU
		{B4F276A1-82A5-485C-B898-4B7FEB1048FE}.Release|Any CPU.ActiveCfg = Release|Any CPU
		{B4F276A1-82A5-485C-B898-4B7FEB1048FE}.Release|Any CPU.Build.0 = Release|Any CPU
		{0486A5DD-C183-42A3-8E44-B4A5F757EA93}.Debug|Any CPU.ActiveCfg = Debug|Any CPU
		{0486A5DD-C183-42A3-8E44-B4A5F757EA93}.Debug|Any CPU.Build.0 = Debug|Any CPU
		{0486A5DD-C183-42A3-8E44-B4A5F757EA93}.Release|Any CPU.ActiveCfg = Release|Any CPU
		{0486A5DD-C183-42A3-8E44-B4A5F757EA93}.Release|Any CPU.Build.0 = Release|Any CPU
	EndGlobalSection
	GlobalSection(SolutionProperties) = preSolution
		HideSolutionNode = FALSE
	EndGlobalSection
	GlobalSection(ExtensibilityGlobals) = postSolution
		SolutionGuid = {01C9F979-CB23-4B29-B296-94A40D4F1C3F}
	EndGlobalSection
EndGlobal
